
Microsoft Visual Studio Solution File, Format Version 12.00
# Visual Studio Version 16
VisualStudioVersion = 16.0.30804.86
MinimumVisualStudioVersion = 10.0.40219.1
Project("{2150E333-8FDC-42A3-9474-1A3956D46DE8}") = "Microservices", "Microservices", "{693F77A7-7EFB-4FD1-8CAD-CE8F77414589}"
EndProject
Project("{2150E333-8FDC-42A3-9474-1A3956D46DE8}") = "Domain", "Domain", "{E515174A-5A7B-4A77-A0D7-D314B2AD6243}"
EndProject
Project("{2150E333-8FDC-42A3-9474-1A3956D46DE8}") = "Infra.Bus", "Infra.Bus", "{417A92E5-25B6-498D-BD6B-ED3D20DA5FEE}"
EndProject
Project("{2150E333-8FDC-42A3-9474-1A3956D46DE8}") = "Infra.Ioc", "Infra.Ioc", "{7414DA25-8DF4-4668-A70A-B09497714CF3}"
EndProject
Project("{2150E333-8FDC-42A3-9474-1A3956D46DE8}") = "Presentation", "Presentation", "{4808EDD6-1812-45CE-90F1-ACD146ED7375}"
EndProject
Project("{9A19103F-16F7-4668-BE54-9A1E7A4F7556}") = "MicroRabbit.Domain.Core", "MicroRabbit.Domain.Core\MicroRabbit.Domain.Core.csproj", "{24B0DB79-5689-433B-9C8B-2E2B2F5D6A76}"
EndProject
Project("{9A19103F-16F7-4668-BE54-9A1E7A4F7556}") = "MicroRabbit.Infra.Bus", "MicroRabbit.Infra.Bus\MicroRabbit.Infra.Bus.csproj", "{A2CD4EB0-BBCB-4E21-A7F0-938DCBC4B5A9}"
EndProject
Project("{FAE04EC0-301F-11D3-BF4B-00C04F79EFBC}") = "MicroRabbit.Infra.Ioc", "MicroRabbit.Infra.Ioc\MicroRabbit.Infra.Ioc.csproj", "{5078D65C-434B-4E44-A65C-B1AB7CBF994A}"
EndProject
Project("{2150E333-8FDC-42A3-9474-1A3956D46DE8}") = "Banking", "Banking", "{C4266673-CE13-4358-A228-D2A97B4C992A}"
EndProject
Project("{2150E333-8FDC-42A3-9474-1A3956D46DE8}") = "Api", "Api", "{0DC62FE9-5318-4F4E-A89A-6EBF5096C57C}"
EndProject
Project("{2150E333-8FDC-42A3-9474-1A3956D46DE8}") = "Domain", "Domain", "{EF9E1851-9C45-4F57-846C-4FDE836AD899}"
EndProject
Project("{2150E333-8FDC-42A3-9474-1A3956D46DE8}") = "Application", "Application", "{420262B5-096C-48E4-972B-6D51CA4B3B0F}"
EndProject
Project("{2150E333-8FDC-42A3-9474-1A3956D46DE8}") = "Data", "Data", "{D911906D-41B1-4C22-9024-544790DA9868}"
EndProject
Project("{FAE04EC0-301F-11D3-BF4B-00C04F79EFBC}") = "MicroRabbit.Banking.Api", "MicroRabbit.Banking.Api\MicroRabbit.Banking.Api.csproj", "{DBDB4F31-3EEA-47A7-ACE0-75A1841266BE}"
EndProject
Project("{FAE04EC0-301F-11D3-BF4B-00C04F79EFBC}") = "MicroRabbit.Banking.Application", "MicroRabbit.Banking.Application\MicroRabbit.Banking.Application.csproj", "{0FF994B0-2673-434F-B912-7CDAA6A99582}"
EndProject
Project("{FAE04EC0-301F-11D3-BF4B-00C04F79EFBC}") = "MicroRabbit.Banking.Data", "MicroRabbit.Banking.Data\MicroRabbit.Banking.Data.csproj", "{A159D1E4-9F80-44A7-9800-719DB50D9A67}"
EndProject
Project("{FAE04EC0-301F-11D3-BF4B-00C04F79EFBC}") = "MicroRabbit.Banking.Domain", "MicroRabbit.Banking.Domain\MicroRabbit.Banking.Domain.csproj", "{7666E6E0-A812-4C1C-84C9-FCA176EC0A3C}"
EndProject
Global
	GlobalSection(SolutionConfigurationPlatforms) = preSolution
		Debug|Any CPU = Debug|Any CPU
		Release|Any CPU = Release|Any CPU
	EndGlobalSection
	GlobalSection(ProjectConfigurationPlatforms) = postSolution
		{24B0DB79-5689-433B-9C8B-2E2B2F5D6A76}.Debug|Any CPU.ActiveCfg = Debug|Any CPU
		{24B0DB79-5689-433B-9C8B-2E2B2F5D6A76}.Debug|Any CPU.Build.0 = Debug|Any CPU
		{24B0DB79-5689-433B-9C8B-2E2B2F5D6A76}.Release|Any CPU.ActiveCfg = Release|Any CPU
		{24B0DB79-5689-433B-9C8B-2E2B2F5D6A76}.Release|Any CPU.Build.0 = Release|Any CPU
		{A2CD4EB0-BBCB-4E21-A7F0-938DCBC4B5A9}.Debug|Any CPU.ActiveCfg = Debug|Any CPU
		{A2CD4EB0-BBCB-4E21-A7F0-938DCBC4B5A9}.Debug|Any CPU.Build.0 = Debug|Any CPU
		{A2CD4EB0-BBCB-4E21-A7F0-938DCBC4B5A9}.Release|Any CPU.ActiveCfg = Release|Any CPU
		{A2CD4EB0-BBCB-4E21-A7F0-938DCBC4B5A9}.Release|Any CPU.Build.0 = Release|Any CPU
		{5078D65C-434B-4E44-A65C-B1AB7CBF994A}.Debug|Any CPU.ActiveCfg = Debug|Any CPU
		{5078D65C-434B-4E44-A65C-B1AB7CBF994A}.Debug|Any CPU.Build.0 = Debug|Any CPU
		{5078D65C-434B-4E44-A65C-B1AB7CBF994A}.Release|Any CPU.ActiveCfg = Release|Any CPU
		{5078D65C-434B-4E44-A65C-B1AB7CBF994A}.Release|Any CPU.Build.0 = Release|Any CPU
		{DBDB4F31-3EEA-47A7-ACE0-75A1841266BE}.Debug|Any CPU.ActiveCfg = Debug|Any CPU
		{DBDB4F31-3EEA-47A7-ACE0-75A1841266BE}.Debug|Any CPU.Build.0 = Debug|Any CPU
		{DBDB4F31-3EEA-47A7-ACE0-75A1841266BE}.Release|Any CPU.ActiveCfg = Release|Any CPU
		{DBDB4F31-3EEA-47A7-ACE0-75A1841266BE}.Release|Any CPU.Build.0 = Release|Any CPU
		{0FF994B0-2673-434F-B912-7CDAA6A99582}.Debug|Any CPU.ActiveCfg = Debug|Any CPU
		{0FF994B0-2673-434F-B912-7CDAA6A99582}.Debug|Any CPU.Build.0 = Debug|Any CPU
		{0FF994B0-2673-434F-B912-7CDAA6A99582}.Release|Any CPU.ActiveCfg = Release|Any CPU
		{0FF994B0-2673-434F-B912-7CDAA6A99582}.Release|Any CPU.Build.0 = Release|Any CPU
		{A159D1E4-9F80-44A7-9800-719DB50D9A67}.Debug|Any CPU.ActiveCfg = Debug|Any CPU
		{A159D1E4-9F80-44A7-9800-719DB50D9A67}.Debug|Any CPU.Build.0 = Debug|Any CPU
		{A159D1E4-9F80-44A7-9800-719DB50D9A67}.Release|Any CPU.ActiveCfg = Release|Any CPU
		{A159D1E4-9F80-44A7-9800-719DB50D9A67}.Release|Any CPU.Build.0 = Release|Any CPU
		{7666E6E0-A812-4C1C-84C9-FCA176EC0A3C}.Debug|Any CPU.ActiveCfg = Debug|Any CPU
		{7666E6E0-A812-4C1C-84C9-FCA176EC0A3C}.Debug|Any CPU.Build.0 = Debug|Any CPU
		{7666E6E0-A812-4C1C-84C9-FCA176EC0A3C}.Release|Any CPU.ActiveCfg = Release|Any CPU
		{7666E6E0-A812-4C1C-84C9-FCA176EC0A3C}.Release|Any CPU.Build.0 = Release|Any CPU
	EndGlobalSection
	GlobalSection(SolutionProperties) = preSolution
		HideSolutionNode = FALSE
	EndGlobalSection
	GlobalSection(NestedProjects) = preSolution
		{24B0DB79-5689-433B-9C8B-2E2B2F5D6A76} = {E515174A-5A7B-4A77-A0D7-D314B2AD6243}
		{A2CD4EB0-BBCB-4E21-A7F0-938DCBC4B5A9} = {417A92E5-25B6-498D-BD6B-ED3D20DA5FEE}
		{5078D65C-434B-4E44-A65C-B1AB7CBF994A} = {7414DA25-8DF4-4668-A70A-B09497714CF3}
		{C4266673-CE13-4358-A228-D2A97B4C992A} = {693F77A7-7EFB-4FD1-8CAD-CE8F77414589}
		{0DC62FE9-5318-4F4E-A89A-6EBF5096C57C} = {C4266673-CE13-4358-A228-D2A97B4C992A}
		{EF9E1851-9C45-4F57-846C-4FDE836AD899} = {C4266673-CE13-4358-A228-D2A97B4C992A}
		{420262B5-096C-48E4-972B-6D51CA4B3B0F} = {C4266673-CE13-4358-A228-D2A97B4C992A}
		{D911906D-41B1-4C22-9024-544790DA9868} = {C4266673-CE13-4358-A228-D2A97B4C992A}
		{DBDB4F31-3EEA-47A7-ACE0-75A1841266BE} = {0DC62FE9-5318-4F4E-A89A-6EBF5096C57C}
		{0FF994B0-2673-434F-B912-7CDAA6A99582} = {420262B5-096C-48E4-972B-6D51CA4B3B0F}
		{A159D1E4-9F80-44A7-9800-719DB50D9A67} = {D911906D-41B1-4C22-9024-544790DA9868}
		{7666E6E0-A812-4C1C-84C9-FCA176EC0A3C} = {EF9E1851-9C45-4F57-846C-4FDE836AD899}
	EndGlobalSection
	GlobalSection(ExtensibilityGlobals) = postSolution
		SolutionGuid = {77349F8D-C614-4FA9-A297-FEEFF39A82DB}
	EndGlobalSection
EndGlobal
